
Microsoft Visual Studio Solution File, Format Version 12.00
# Visual Studio 15
VisualStudioVersion = 15.0.28307.271
MinimumVisualStudioVersion = 10.0.40219.1
Project("{FAE04EC0-301F-11D3-BF4B-00C04F79EFBC}") = "ArchitectureExample", "ArchitectureExample\ArchitectureExample.csproj", "{5EE0D2EA-CD38-40D7-B73D-51C8E3C1B6E3}"
	ProjectSection(ProjectDependencies) = postProject
		{C42224C2-880E-418B-9ACD-A2C94E95CD9F} = {C42224C2-880E-418B-9ACD-A2C94E95CD9F}
		{0238DFEF-6A52-4062-9DDB-8CEC59077731} = {0238DFEF-6A52-4062-9DDB-8CEC59077731}
	EndProjectSection
EndProject
Project("{8BC9CEB8-8B4A-11D0-8D11-00A0C91BC942}") = "MixedAssembly", "MixedAssembly\MixedAssembly.vcxproj", "{C42224C2-880E-418B-9ACD-A2C94E95CD9F}"
	ProjectSection(ProjectDependencies) = postProject
		{0238DFEF-6A52-4062-9DDB-8CEC59077731} = {0238DFEF-6A52-4062-9DDB-8CEC59077731}
	EndProjectSection
EndProject
Project("{8BC9CEB8-8B4A-11D0-8D11-00A0C91BC942}") = "NativeCallee", "NativeCallee\NativeCallee.vcxproj", "{0238DFEF-6A52-4062-9DDB-8CEC59077731}"
EndProject
Project("{FAE04EC0-301F-11D3-BF4B-00C04F79EFBC}") = "DependencyLoader", "DependencyLoader\DependencyLoader.csproj", "{49F8A405-2D40-4052-9931-5723715C683F}"
EndProject
Global
	GlobalSection(SolutionConfigurationPlatforms) = preSolution
		Debug|Any CPU = Debug|Any CPU
		Release|Any CPU = Release|Any CPU
	EndGlobalSection
	GlobalSection(ProjectConfigurationPlatforms) = postSolution
		{5EE0D2EA-CD38-40D7-B73D-51C8E3C1B6E3}.Debug|Any CPU.ActiveCfg = Debug|Any CPU
		{5EE0D2EA-CD38-40D7-B73D-51C8E3C1B6E3}.Debug|Any CPU.Build.0 = Debug|Any CPU
		{5EE0D2EA-CD38-40D7-B73D-51C8E3C1B6E3}.Release|Any CPU.ActiveCfg = Release|Any CPU
		{5EE0D2EA-CD38-40D7-B73D-51C8E3C1B6E3}.Release|Any CPU.Build.0 = Release|Any CPU
		{C42224C2-880E-418B-9ACD-A2C94E95CD9F}.Debug|Any CPU.ActiveCfg = Debug|x64
		{C42224C2-880E-418B-9ACD-A2C94E95CD9F}.Debug|Any CPU.Build.0 = Debug|x64
		{C42224C2-880E-418B-9ACD-A2C94E95CD9F}.Release|Any CPU.ActiveCfg = Release|x64
		{C42224C2-880E-418B-9ACD-A2C94E95CD9F}.Release|Any CPU.Build.0 = Release|x64
		{0238DFEF-6A52-4062-9DDB-8CEC59077731}.Debug|Any CPU.ActiveCfg = Debug|x64
		{0238DFEF-6A52-4062-9DDB-8CEC59077731}.Debug|Any CPU.Build.0 = Debug|x64
		{0238DFEF-6A52-4062-9DDB-8CEC59077731}.Release|Any CPU.ActiveCfg = Release|x64
		{0238DFEF-6A52-4062-9DDB-8CEC59077731}.Release|Any CPU.Build.0 = Release|x64
		{49F8A405-2D40-4052-9931-5723715C683F}.Debug|Any CPU.ActiveCfg = Debug|Any CPU
		{49F8A405-2D40-4052-9931-5723715C683F}.Debug|Any CPU.Build.0 = Debug|Any CPU
		{49F8A405-2D40-4052-9931-5723715C683F}.Release|Any CPU.ActiveCfg = Release|Any CPU
		{49F8A405-2D40-4052-9931-5723715C683F}.Release|Any CPU.Build.0 = Release|Any CPU
	EndGlobalSection
	GlobalSection(SolutionProperties) = preSolution
		HideSolutionNode = FALSE
	EndGlobalSection
	GlobalSection(ExtensibilityGlobals) = postSolution
		SolutionGuid = {1AF4DE7D-D244-4D33-B589-14F23D94E784}
	EndGlobalSection
EndGlobal
